
Microsoft Visual Studio Solution File, Format Version 12.00
# Visual Studio Version 16
VisualStudioVersion = 16.0.33027.164
MinimumVisualStudioVersion = 10.0.40219.1
Project("{FAE04EC0-301F-11D3-BF4B-00C04F79EFBC}") = "Test_technical_code", "Test_technical_code\Test_technical_code.csproj", "{A0E2E551-A1C0-4FFA-884F-B8746700108B}"
EndProject
Global
	GlobalSection(SolutionConfigurationPlatforms) = preSolution
		Debug|Any CPU = Debug|Any CPU
		Release|Any CPU = Release|Any CPU
	EndGlobalSection
	GlobalSection(ProjectConfigurationPlatforms) = postSolution
		{A0E2E551-A1C0-4FFA-884F-B8746700108B}.Debug|Any CPU.ActiveCfg = Debug|Any CPU
		{A0E2E551-A1C0-4FFA-884F-B8746700108B}.Debug|Any CPU.Build.0 = Debug|Any CPU
		{A0E2E551-A1C0-4FFA-884F-B8746700108B}.Release|Any CPU.ActiveCfg = Release|Any CPU
		{A0E2E551-A1C0-4FFA-884F-B8746700108B}.Release|Any CPU.Build.0 = Release|Any CPU
	EndGlobalSection
	GlobalSection(SolutionProperties) = preSolution
		HideSolutionNode = FALSE
	EndGlobalSection
	GlobalSection(ExtensibilityGlobals) = postSolution
		SolutionGuid = {CC6FC11E-8A45-4323-9D92-D9CC54D7ED1D}
	EndGlobalSection
EndGlobal
